version = 1
requires-python = ">=3.10"

[[package]]
name = "cython"
version = "3.1.2"
source = { registry = "https://pypi.org/simple" }
sdist = { url = "https://files.pythonhosted.org/packages/18/40/7b17cd866158238db704965da1b5849af261dbad393ea3ac966f934b2d39/cython-3.1.2.tar.gz", hash = "sha256:6bbf7a953fa6762dfecdec015e3b054ba51c0121a45ad851fa130f63f5331381", size = 3184825 }
wheels = [
    { url = "https://files.pythonhosted.org/packages/4c/5e/c89172b252697acd6a440a2efead37685f8f2c42ea0d906098cbfb9aed69/cython-3.1.2-cp310-cp310-macosx_10_9_x86_64.whl", hash = "sha256:0f2add8b23cb19da3f546a688cd8f9e0bfc2776715ebf5e283bc3113b03ff008", size = 2973977 },
    { url = "https://files.pythonhosted.org/packages/9c/e5/d7fb67187193c5763d59a4b70d86a92be18b05b01737af8bfca7bafea0d3/cython-3.1.2-cp310-cp310-macosx_11_0_arm64.whl", hash = "sha256:0d6248a2ae155ca4c42d7fa6a9a05154d62e695d7736bc17e1b85da6dcc361df", size = 2836988 },
    { url = "https://files.pythonhosted.org/packages/1f/de/502ddebaf5fe78f13cd6361acdd74710d3a5b15c22a9edc0ea4c873a59a5/cython-3.1.2-cp311-cp311-macosx_10_9_x86_64.whl", hash = "sha256:5548573e0912d7dc80579827493315384c462e2f15797b91a8ed177686d31eb9", size = 3007792 },
    { url = "https://files.pythonhosted.org/packages/bb/c8/91b00bc68effba9ba1ff5b33988052ac4d98fc1ac3021ade7261661299c6/cython-3.1.2-cp311-cp311-macosx_11_0_arm64.whl", hash = "sha256:4bf3ea5bc50d80762c490f42846820a868a6406fdb5878ae9e4cc2f11b50228a", size = 2870798 },
    { url = "https://files.pythonhosted.org/packages/22/86/9393ab7204d5bb65f415dd271b658c18f57b9345d06002cae069376a5a7a/cython-3.1.2-cp312-cp312-macosx_10_13_x86_64.whl", hash = "sha256:9c2c4b6f9a941c857b40168b3f3c81d514e509d985c2dcd12e1a4fea9734192e", size = 3015898 },
    { url = "https://files.pythonhosted.org/packages/f9/b8/3d10ac37ab7b7ee60bc6bfb48f6682ebee7fddaccf56e1e135f0d46ca79f/cython-3.1.2-cp312-cp312-macosx_11_0_arm64.whl", hash = "sha256:bdbc115bbe1b8c1dcbcd1b03748ea87fa967eb8dfc3a1a9bb243d4a382efcff4", size = 2846204 },
    { url = "https://files.pythonhosted.org/packages/7b/e2/355354a00a4ee7029b89767a280272f91c7e68b6edb686690992aaa6c32c/cython-3.1.2-cp313-cp313-macosx_10_13_x86_64.whl", hash = "sha256:cc22e5f18af436c894b90c257130346930fdc860d7f42b924548c591672beeef", size = 2999991 },
    { url = "https://files.pythonhosted.org/packages/7c/d6/fb1033396585fd900adda9a410624b96d2a37b5f7f3685f0bdc5fa2bafe0/cython-3.1.2-cp313-cp313-macosx_11_0_arm64.whl", hash = "sha256:42c7bffb0fe9898996c7eef9eb74ce3654553c7a3a3f3da66e5a49f801904ce0", size = 2831764 },
    { url = "https://files.pythonhosted.org/packages/25/d6/ef8557d5e75cc57d55df579af4976935ee111a85bbee4a5b72354e257066/cython-3.1.2-py3-none-any.whl", hash = "sha256:d23fd7ffd7457205f08571a42b108a3cf993e83a59fe4d72b42e6fc592cf2639", size = 1224753 },
]

[[package]]
name = "emoji"
version = "2.14.1"
source = { registry = "https://pypi.org/simple" }
sdist = { url = "https://files.pythonhosted.org/packages/cb/7d/01cddcbb6f5cc0ba72e00ddf9b1fa206c802d557fd0a20b18e130edf1336/emoji-2.14.1.tar.gz", hash = "sha256:f8c50043d79a2c1410ebfae833ae1868d5941a67a6cd4d18377e2eb0bd79346b", size = 597182 }
wheels = [
    { url = "https://files.pythonhosted.org/packages/91/db/a0335710caaa6d0aebdaa65ad4df789c15d89b7babd9a30277838a7d9aac/emoji-2.14.1-py3-none-any.whl", hash = "sha256:35a8a486c1460addb1499e3bf7929d3889b2e2841a57401903699fef595e942b", size = 590617 },
]

[[package]]
name = "ooosina"
version = "0.1.0"
source = { editable = "." }
dependencies = [
    { name = "emoji" },
    { name = "ursina" },
]

[package.metadata]
requires-dist = [
    { name = "emoji", specifier = ">=2.14.1" },
    { name = "ursina", specifier = ">=7.0.0" },
]

[[package]]
name = "panda3d"
version = "1.10.15"
source = { registry = "https://pypi.org/simple" }
wheels = [
    { url = "https://files.pythonhosted.org/packages/54/b9/1987b9011ae8d6b8714264027b293f75c5e8064bb1cd23944ee188ad2aab/panda3d-1.10.15-cp310-cp310-macosx_10_9_x86_64.whl", hash = "sha256:401989dbabb3ef0842ce9bae28f706fadaf89afa5b1f7f2db49b5ff3bbd6c2e3", size = 66662870 },
    { url = "https://files.pythonhosted.org/packages/b6/51/21acb000028040ab41b5a4f5e0d235c6e88485545f560f866fb96901bc80/panda3d-1.10.15-cp310-cp310-macosx_11_0_universal2.whl", hash = "sha256:b2820ea81267f3452335a7d4e53ff49d5e6ab7b3896a97f9698f1d3f6df1bcc6", size = 116966530 },
    { url = "https://files.pythonhosted.org/packages/88/5f/f01d31c9239ed8dc64687b4fc2facdf6ecdcd1808fb61ec7788ec4eab9c1/panda3d-1.10.15-cp310-cp310-manylinux2010_i686.whl", hash = "sha256:b9d540903c4bcc3d9a1999939fa688ad07dc1bd75ab8412b5d3ad34f64562e85", size = 56691549 },
    { url = "https://files.pythonhosted.org/packages/3d/9b/163c2bb84230af77f720c90e1ae257daf6cf1cf4f8eadae321d7d46aada2/panda3d-1.10.15-cp310-cp310-manylinux2010_x86_64.whl", hash = "sha256:530f400fd0a9fb9bd6e0ce0dff958e164d453b40d0cad671a97514857edee087", size = 55977010 },
    { url = "https://files.pythonhosted.org/packages/b4/a4/1c1bfb37544d4195009772461cd2029fea1dc95cdb344ee850e1faf60923/panda3d-1.10.15-cp310-cp310-manylinux2014_aarch64.whl", hash = "sha256:2fe48f42c89422def7cd03f45bc198232a891f0ae2d19e3e284d23ae9bf48fd5", size = 48169088 },
    { url = "https://files.pythonhosted.org/packages/11/e4/fa48cb0c3f2c11a939374731ab6da5d2e65006eba90e88386f239b44765c/panda3d-1.10.15-cp310-cp310-manylinux2014_x86_64.whl", hash = "sha256:04af43517e8b100e6909a1e7b24bcf7c121e84057561d2eb7e084753f4d0de00", size = 53530917 },
    { url = "https://files.pythonhosted.org/packages/2b/d2/060208996f40e9f797db851b6c7907d2ff2f9e4c9d5db3d2dd55f5a37982/panda3d-1.10.15-cp310-cp310-win32.whl", hash = "sha256:ffd59fffc22e1ff39c7f49d4c55237c3f6b880960f6d049266c8e758504d6bb1", size = 52366055 },
    { url = "https://files.pythonhosted.org/packages/34/33/4ca0c028d9390db9f641a3ee07b795ba53346e9a0d9942dabd7b49dd63fe/panda3d-1.10.15-cp310-cp310-win_amd64.whl", hash = "sha256:8c5dbcf6857d087018f1db97bf4b4957006d43ed56e1ae38553d4840b4bec65e", size = 63539598 },
    { url = "https://files.pythonhosted.org/packages/77/65/92af5c08c61bd9e91cc09a4bf848784e01a26887994833101629b30a1a23/panda3d-1.10.15-cp311-cp311-macosx_10_9_x86_64.whl", hash = "sha256:d05a0a960637a9debb85c13a62635a8dbac6b65610ea226e316b7e4a68f12dc4", size = 67741611 },
    { url = "https://files.pythonhosted.org/packages/20/db/e6470468fae260e41a8da3abd8455c522318ac641fa08ed7f3fb5d97fe5c/panda3d-1.10.15-cp311-cp311-macosx_11_0_universal2.whl", hash = "sha256:fbcbe8dd9ae74fe151e9e6e64b297f5e754c272c5ea11925708da12773cb65de", size = 119040056 },
    { url = "https://files.pythonhosted.org/packages/5c/b6/dee33ad756c408ef1ac1d9c3195d81650354d3787e4bf48cddf4f7524007/panda3d-1.10.15-cp311-cp311-manylinux2014_aarch64.whl", hash = "sha256:2e96777cb13b09a749fba8f5e7a8a2e2abba7ce04ed1f8244e39879682bb6476", size = 48691319 },
    { url = "https://files.pythonhosted.org/packages/f8/43/afbc52251c111f0cef8b3e9d5221307f81d85bb26f4a3dca1ed7e70acf7a/panda3d-1.10.15-cp311-cp311-manylinux2014_x86_64.whl", hash = "sha256:0969b3d452469d75a3b23dd451c47fa7efb806016cedd153946865798a69df70", size = 54080585 },
    { url = "https://files.pythonhosted.org/packages/ec/7c/3f185df67870d91f3d33810453d3e23ff570303a5757edc87591d12dfdcd/panda3d-1.10.15-cp311-cp311-win32.whl", hash = "sha256:27c78a6e2f208c324d3a92534a0917a2b3aebcba626266d4322ba8e60447d92b", size = 53172458 },
    { url = "https://files.pythonhosted.org/packages/39/24/7cc50e87cdfa1ae0cc4248151aa25425b98af976ee3a2729975ed2644757/panda3d-1.10.15-cp311-cp311-win_amd64.whl", hash = "sha256:db071a53259fd8d3abedfc7d02030532eff02befe78515833767d3599034ba1a", size = 64492622 },
    { url = "https://files.pythonhosted.org/packages/7e/fa/75abdc0fe9790908713992b0ad7057a0c020643ca3d1eee2a7b2f86122c7/panda3d-1.10.15-cp312-cp312-macosx_10_9_x86_64.whl", hash = "sha256:d05bc9eb80f76f2a2925e177730dcfbf322bb44bd0f33eb9211a686ea7f6d1b4", size = 67862266 },
    { url = "https://files.pythonhosted.org/packages/d6/f6/d034095f4032eb5edf1091c49412e23e7ed64239351be3b7d51a86834c7f/panda3d-1.10.15-cp312-cp312-macosx_11_0_universal2.whl", hash = "sha256:d90cf73d83cf583acdcf1eea7a5cd60bf4af0de7bb83b96f2fa21541c539a744", size = 119238039 },
    { url = "https://files.pythonhosted.org/packages/3b/5f/08ae7354dfd7ca231184ffc452b5013273ad57b93767539b03ee4efed488/panda3d-1.10.15-cp312-cp312-manylinux2014_aarch64.whl", hash = "sha256:bb9897467fa41079f3f3c2a32d085798f3e9230424b533c8715521eec397703d", size = 49372153 },
    { url = "https://files.pythonhosted.org/packages/ba/55/793aa09978a4af91bd7d49775c481437844a12353238b71e19fe6e49048c/panda3d-1.10.15-cp312-cp312-manylinux2014_x86_64.whl", hash = "sha256:4493cba98ccd29352f1872641bf63750a546cf4dfd9c0953b356811c89573f0a", size = 54773405 },
    { url = "https://files.pythonhosted.org/packages/d8/57/6a9db4761c7c6d80b0f7235ce157fab212f12ee532c3d0eaa657fea71a24/panda3d-1.10.15-cp312-cp312-win32.whl", hash = "sha256:d27ef3662ebfb9a96096c85250002bc61bdf25ea4c5ad0e852151aa748778b9c", size = 53528327 },
    { url = "https://files.pythonhosted.org/packages/2c/11/32ac8302111c40fc33390531ad5f19d74db57bf294c0e46c64d2acdcb407/panda3d-1.10.15-cp312-cp312-win_amd64.whl", hash = "sha256:74b32cbbcba689fb50ef20ce9578e48fdfedfad1fbf9f48e74db22a06b04be60", size = 64913226 },
    { url = "https://files.pythonhosted.org/packages/40/cc/431c12cf540d79545ae1ccccc008398729c113014ffa4910ce39de021364/panda3d-1.10.15-cp313-cp313-macosx_10_13_x86_64.whl", hash = "sha256:57eabb76ce244e802b7bce0bff8fa976a762b3a14f69cdccbc7e7ce5d33591cb", size = 67709251 },
    { url = "https://files.pythonhosted.org/packages/d1/04/288f594da7553c8eec7a2b804af589ad4a8098f33bb632333aeaa3859cce/panda3d-1.10.15-cp313-cp313-macosx_11_0_universal2.whl", hash = "sha256:2fe3725aa53898ad2d8aef7bad023f8d2bbdc7618867ce123d9f56a9b3be82de", size = 119014322 },
    { url = "https://files.pythonhosted.org/packages/4b/68/52c4d1e1a54ecef5a1a29c6fb74a3d268b0272ac4d62efa967db3fc5c672/panda3d-1.10.15-cp313-cp313-manylinux2014_aarch64.whl", hash = "sha256:7f2959545e48c5d7e0b60102d7d09e4d8fb7c41e2256e731270efa5d201fd5d8", size = 49078308 },
    { url = "https://files.pythonhosted.org/packages/28/c6/7a10d4862eff79628d1f5a1598349cf195d1a32507d2c254bd58f6da8ff1/panda3d-1.10.15-cp313-cp313-manylinux2014_x86_64.whl", hash = "sha256:202613825dce4889d01cab47ded2a64f8b9f451a6dd9aac5395dbb130ee510e3", size = 54439383 },
    { url = "https://files.pythonhosted.org/packages/69/c2/00e52bc46e1b6c2402395376d8bac7cace177d03cccc360ec81154a33750/panda3d-1.10.15-cp313-cp313-win32.whl", hash = "sha256:ffac45e08b17447e1cfa2f1e7ec01e5d4c67b732479c21cba1b0751074ed2820", size = 54688761 },
    { url = "https://files.pythonhosted.org/packages/18/bb/b58be7df35d59fc72bba18efe345ce4451e970ca9f693309e47578578bda/panda3d-1.10.15-cp313-cp313-win_amd64.whl", hash = "sha256:81da0be19890802980828dde4c59f920f7e49bb9e6ec02375c899cace8074baf", size = 66266848 },
    { url = "https://files.pythonhosted.org/packages/5b/76/e73701c0a87ce67a01aca61743e9295e32712cfad3f7e8ec752add53e86f/panda3d-1.10.15-cp313-cp313t-macosx_10_13_x86_64.whl", hash = "sha256:26d024ef60b4d169c4ae10abbb6ce0bdfd0d5732eb61cc77e257987a06bc635c", size = 70116009 },
    { url = "https://files.pythonhosted.org/packages/88/44/8a2a43ef9755a19ba502b3e289e86f28c0fc26ffce4125340c2f7581f2d8/panda3d-1.10.15-cp313-cp313t-macosx_11_0_universal2.whl", hash = "sha256:ca13198b78e4d62ae9d9bfbc8e0fb8ce96d5ce725fa57e9becf69d5f54335f0f", size = 123651610 },
    { url = "https://files.pythonhosted.org/packages/cc/75/9684003c98ace58a1994cd5c4ee2bfd7d6c2cc2f78a0e041e45e22ba61ad/panda3d-1.10.15-cp313-cp313t-manylinux2014_aarch64.whl", hash = "sha256:9ad98a3f82443d572ccbfe78ab6ac1c5405b3107e005414fb5fbd2985b81b02f", size = 49499082 },
    { url = "https://files.pythonhosted.org/packages/ca/99/4f385683203646e81ad25f1ff880c7d46b2e1843b580bbbeb5a6643ca22d/panda3d-1.10.15-cp313-cp313t-manylinux2014_x86_64.whl", hash = "sha256:db8ad9ff7f48ee1d6b67716124aa8201aa49a92f95b58bb99822208bfbd32a8e", size = 54799011 },
    { url = "https://files.pythonhosted.org/packages/40/3e/fde3f06eb2843d9dc4b5cca2ef82888928849215deaeece6ca4be442e1cb/panda3d-1.10.15-cp313-cp313t-win32.whl", hash = "sha256:09f4a52918faa54f53fc523f2f0be84789cbf0432cc380960d8e3e8437b48021", size = 54826671 },
    { url = "https://files.pythonhosted.org/packages/1c/f7/318a80225b6785a562b00622db5f7fb2b1f76ab57723908051d1f953d33d/panda3d-1.10.15-cp313-cp313t-win_amd64.whl", hash = "sha256:fa195f2b57a6dd819e81bf13728d00f3973cf4c680245c70d7b669a3317decca", size = 66300865 },
]

[[package]]
name = "panda3d-gltf"
version = "1.3.0"
source = { registry = "https://pypi.org/simple" }
dependencies = [
    { name = "panda3d" },
    { name = "panda3d-simplepbr" },
]
sdist = { url = "https://files.pythonhosted.org/packages/6b/e9/36ea1b84bfbe4fafc60216fb8eb3f71ef3aa7156569f475621f8bb5eeb5e/panda3d_gltf-1.3.0.tar.gz", hash = "sha256:40ed155ca060f662e53c9bd5526fa91024dd308bc61ebe27218b20a5afb1d9ff", size = 29038 }
wheels = [
    { url = "https://files.pythonhosted.org/packages/24/0f/b9406c4434422822039a4daefdc479e71326131f2a0f80f88f7cfc60e9c8/panda3d_gltf-1.3.0-py3-none-any.whl", hash = "sha256:2512500ee7e2fc13431dc47e9510efff2c29b9dd82714bd2c36165be2c82ef97", size = 27758 },
]

[[package]]
name = "panda3d-simplepbr"
version = "0.13.1"
source = { registry = "https://pypi.org/simple" }
dependencies = [
    { name = "panda3d" },
    { name = "typing-extensions" },
]
sdist = { url = "https://files.pythonhosted.org/packages/0d/be/c4d1ded04c22b357277cf6e6a44c1ab4abb285a700bd1991460460e05b99/panda3d_simplepbr-0.13.1.tar.gz", hash = "sha256:c83766d7c8f47499f365a07fe1dff078fc8b3054c2689bdc8dceabddfe7f1a35", size = 6216055 }
wheels = [
    { url = "https://files.pythonhosted.org/packages/11/5d/3744c6550dddf933785a37cdd4a9921fe13284e6d115b5a2637fe390f158/panda3d_simplepbr-0.13.1-py3-none-any.whl", hash = "sha256:cda41cb57cff035b851646956cfbdcc408bee42511dabd4f2d7bd4fbf48c57a9", size = 2457097 },
]

[[package]]
name = "pillow"
version = "11.3.0"
source = { registry = "https://pypi.org/simple" }
sdist = { url = "https://files.pythonhosted.org/packages/f3/0d/d0d6dea55cd152ce3d6767bb38a8fc10e33796ba4ba210cbab9354b6d238/pillow-11.3.0.tar.gz", hash = "sha256:3828ee7586cd0b2091b6209e5ad53e20d0649bbe87164a459d0676e035e8f523", size = 47113069 }
wheels = [
    { url = "https://files.pythonhosted.org/packages/4c/5d/45a3553a253ac8763f3561371432a90bdbe6000fbdcf1397ffe502aa206c/pillow-11.3.0-cp310-cp310-macosx_10_10_x86_64.whl", hash = "sha256:1b9c17fd4ace828b3003dfd1e30bff24863e0eb59b535e8f80194d9cc7ecf860", size = 5316554 },
    { url = "https://files.pythonhosted.org/packages/7c/c8/67c12ab069ef586a25a4a79ced553586748fad100c77c0ce59bb4983ac98/pillow-11.3.0-cp310-cp310-macosx_11_0_arm64.whl", hash = "sha256:65dc69160114cdd0ca0f35cb434633c75e8e7fad4cf855177a05bf38678f73ad", size = 4686548 },
    { url = "https://files.pythonhosted.org/packages/2f/bd/6741ebd56263390b382ae4c5de02979af7f8bd9807346d068700dd6d5cf9/pillow-11.3.0-cp310-cp310-manylinux2014_aarch64.manylinux_2_17_aarch64.whl", hash = "sha256:7107195ddc914f656c7fc8e4a5e1c25f32e9236ea3ea860f257b0436011fddd0", size = 5859742 },
    { url = "https://files.pythonhosted.org/packages/ca/0b/c412a9e27e1e6a829e6ab6c2dca52dd563efbedf4c9c6aa453d9a9b77359/pillow-11.3.0-cp310-cp310-manylinux2014_x86_64.manylinux_2_17_x86_64.whl", hash = "sha256:cc3e831b563b3114baac7ec2ee86819eb03caa1a2cef0b481a5675b59c4fe23b", size = 7633087 },
    { url = "https://files.pythonhosted.org/packages/59/9d/9b7076aaf30f5dd17e5e5589b2d2f5a5d7e30ff67a171eb686e4eecc2adf/pillow-11.3.0-cp310-cp310-manylinux_2_27_aarch64.manylinux_2_28_aarch64.whl", hash = "sha256:f1f182ebd2303acf8c380a54f615ec883322593320a9b00438eb842c1f37ae50", size = 5963350 },
    { url = "https://files.pythonhosted.org/packages/f0/16/1a6bf01fb622fb9cf5c91683823f073f053005c849b1f52ed613afcf8dae/pillow-11.3.0-cp310-cp310-manylinux_2_27_x86_64.manylinux_2_28_x86_64.whl", hash = "sha256:4445fa62e15936a028672fd48c4c11a66d641d2c05726c7ec1f8ba6a572036ae", size = 6631840 },
    { url = "https://files.pythonhosted.org/packages/7b/e6/6ff7077077eb47fde78739e7d570bdcd7c10495666b6afcd23ab56b19a43/pillow-11.3.0-cp310-cp310-musllinux_1_2_aarch64.whl", hash = "sha256:71f511f6b3b91dd543282477be45a033e4845a40278fa8dcdbfdb07109bf18f9", size = 6074005 },
    { url = "https://files.pythonhosted.org/packages/c3/3a/b13f36832ea6d279a697231658199e0a03cd87ef12048016bdcc84131601/pillow-11.3.0-cp310-cp310-musllinux_1_2_x86_64.whl", hash = "sha256:040a5b691b0713e1f6cbe222e0f4f74cd233421e105850ae3b3c0ceda520f42e", size = 6708372 },
    { url = "https://files.pythonhosted.org/packages/6c/e4/61b2e1a7528740efbc70b3d581f33937e38e98ef3d50b05007267a55bcb2/pillow-11.3.0-cp310-cp310-win32.whl", hash = "sha256:89bd777bc6624fe4115e9fac3352c79ed60f3bb18651420635f26e643e3dd1f6", size = 6277090 },
    { url = "https://files.pythonhosted.org/packages/a9/d3/60c781c83a785d6afbd6a326ed4d759d141de43aa7365725cbcd65ce5e54/pillow-11.3.0-cp310-cp310-win_amd64.whl", hash = "sha256:19d2ff547c75b8e3ff46f4d9ef969a06c30ab2d4263a9e287733aa8b2429ce8f", size = 6985988 },
    { url = "https://files.pythonhosted.org/packages/9f/28/4f4a0203165eefb3763939c6789ba31013a2e90adffb456610f30f613850/pillow-11.3.0-cp310-cp310-win_arm64.whl", hash = "sha256:819931d25e57b513242859ce1876c58c59dc31587847bf74cfe06b2e0cb22d2f", size = 2422899 },
    { url = "https://files.pythonhosted.org/packages/db/26/77f8ed17ca4ffd60e1dcd220a6ec6d71210ba398cfa33a13a1cd614c5613/pillow-11.3.0-cp311-cp311-macosx_10_10_x86_64.whl", hash = "sha256:1cd110edf822773368b396281a2293aeb91c90a2db00d78ea43e7e861631b722", size = 5316531 },
    { url = "https://files.pythonhosted.org/packages/cb/39/ee475903197ce709322a17a866892efb560f57900d9af2e55f86db51b0a5/pillow-11.3.0-cp311-cp311-macosx_11_0_arm64.whl", hash = "sha256:9c412fddd1b77a75aa904615ebaa6001f169b26fd467b4be93aded278266b288", size = 4686560 },
    { url = "https://files.pythonhosted.org/packages/d5/90/442068a160fd179938ba55ec8c97050a612426fae5ec0a764e345839f76d/pillow-11.3.0-cp311-cp311-manylinux2014_aarch64.manylinux_2_17_aarch64.whl", hash = "sha256:7d1aa4de119a0ecac0a34a9c8bde33f34022e2e8f99104e47a3ca392fd60e37d", size = 5870978 },
    { url = "https://files.pythonhosted.org/packages/13/92/dcdd147ab02daf405387f0218dcf792dc6dd5b14d2573d40b4caeef01059/pillow-11.3.0-cp311-cp311-manylinux2014_x86_64.manylinux_2_17_x86_64.whl", hash = "sha256:91da1d88226663594e3f6b4b8c3c8d85bd504117d043740a8e0ec449087cc494", size = 7641168 },
    { url = "https://files.pythonhosted.org/packages/6e/db/839d6ba7fd38b51af641aa904e2960e7a5644d60ec754c046b7d2aee00e5/pillow-11.3.0-cp311-cp311-manylinux_2_27_aarch64.manylinux_2_28_aarch64.whl", hash = "sha256:643f189248837533073c405ec2f0bb250ba54598cf80e8c1e043381a60632f58", size = 5973053 },
    { url = "https://files.pythonhosted.org/packages/f2/2f/d7675ecae6c43e9f12aa8d58b6012683b20b6edfbdac7abcb4e6af7a3784/pillow-11.3.0-cp311-cp311-manylinux_2_27_x86_64.manylinux_2_28_x86_64.whl", hash = "sha256:106064daa23a745510dabce1d84f29137a37224831d88eb4ce94bb187b1d7e5f", size = 6640273 },
    { url = "https://files.pythonhosted.org/packages/45/ad/931694675ede172e15b2ff03c8144a0ddaea1d87adb72bb07655eaffb654/pillow-11.3.0-cp311-cp311-musllinux_1_2_aarch64.whl", hash = "sha256:cd8ff254faf15591e724dc7c4ddb6bf4793efcbe13802a4ae3e863cd300b493e", size = 6082043 },
    { url = "https://files.pythonhosted.org/packages/3a/04/ba8f2b11fc80d2dd462d7abec16351b45ec99cbbaea4387648a44190351a/pillow-11.3.0-cp311-cp311-musllinux_1_2_x86_64.whl", hash = "sha256:932c754c2d51ad2b2271fd01c3d121daaa35e27efae2a616f77bf164bc0b3e94", size = 6715516 },
    { url = "https://files.pythonhosted.org/packages/48/59/8cd06d7f3944cc7d892e8533c56b0acb68399f640786313275faec1e3b6f/pillow-11.3.0-cp311-cp311-win32.whl", hash = "sha256:b4b8f3efc8d530a1544e5962bd6b403d5f7fe8b9e08227c6b255f98ad82b4ba0", size = 6274768 },
    { url = "https://files.pythonhosted.org/packages/f1/cc/29c0f5d64ab8eae20f3232da8f8571660aa0ab4b8f1331da5c2f5f9a938e/pillow-11.3.0-cp311-cp311-win_amd64.whl", hash = "sha256:1a992e86b0dd7aeb1f053cd506508c0999d710a8f07b4c791c63843fc6a807ac", size = 6986055 },
    { url = "https://files.pythonhosted.org/packages/c6/df/90bd886fabd544c25addd63e5ca6932c86f2b701d5da6c7839387a076b4a/pillow-11.3.0-cp311-cp311-win_arm64.whl", hash = "sha256:30807c931ff7c095620fe04448e2c2fc673fcbb1ffe2a7da3fb39613489b1ddd", size = 2423079 },
    { url = "https://files.pythonhosted.org/packages/40/fe/1bc9b3ee13f68487a99ac9529968035cca2f0a51ec36892060edcc51d06a/pillow-11.3.0-cp312-cp312-macosx_10_13_x86_64.whl", hash = "sha256:fdae223722da47b024b867c1ea0be64e0df702c5e0a60e27daad39bf960dd1e4", size = 5278800 },
    { url = "https://files.pythonhosted.org/packages/2c/32/7e2ac19b5713657384cec55f89065fb306b06af008cfd87e572035b27119/pillow-11.3.0-cp312-cp312-macosx_11_0_arm64.whl", hash = "sha256:921bd305b10e82b4d1f5e802b6850677f965d8394203d182f078873851dada69", size = 4686296 },
    { url = "https://files.pythonhosted.org/packages/8e/1e/b9e12bbe6e4c2220effebc09ea0923a07a6da1e1f1bfbc8d7d29a01ce32b/pillow-11.3.0-cp312-cp312-manylinux2014_aarch64.manylinux_2_17_aarch64.whl", hash = "sha256:eb76541cba2f958032d79d143b98a3a6b3ea87f0959bbe256c0b5e416599fd5d", size = 5871726 },
    { url = "https://files.pythonhosted.org/packages/8d/33/e9200d2bd7ba00dc3ddb78df1198a6e80d7669cce6c2bdbeb2530a74ec58/pillow-11.3.0-cp312-cp312-manylinux2014_x86_64.manylinux_2_17_x86_64.whl", hash = "sha256:67172f2944ebba3d4a7b54f2e95c786a3a50c21b88456329314caaa28cda70f6", size = 7644652 },
    { url = "https://files.pythonhosted.org/packages/41/f1/6f2427a26fc683e00d985bc391bdd76d8dd4e92fac33d841127eb8fb2313/pillow-11.3.0-cp312-cp312-manylinux_2_27_aarch64.manylinux_2_28_aarch64.whl", hash = "sha256:97f07ed9f56a3b9b5f49d3661dc9607484e85c67e27f3e8be2c7d28ca032fec7", size = 5977787 },
    { url = "https://files.pythonhosted.org/packages/e4/c9/06dd4a38974e24f932ff5f98ea3c546ce3f8c995d3f0985f8e5ba48bba19/pillow-11.3.0-cp312-cp312-manylinux_2_27_x86_64.manylinux_2_28_x86_64.whl", hash = "sha256:676b2815362456b5b3216b4fd5bd89d362100dc6f4945154ff172e206a22c024", size = 6645236 },
    { url = "https://files.pythonhosted.org/packages/40/e7/848f69fb79843b3d91241bad658e9c14f39a32f71a301bcd1d139416d1be/pillow-11.3.0-cp312-cp312-musllinux_1_2_aarch64.whl", hash = "sha256:3e184b2f26ff146363dd07bde8b711833d7b0202e27d13540bfe2e35a323a809", size = 6086950 },
    { url = "https://files.pythonhosted.org/packages/0b/1a/7cff92e695a2a29ac1958c2a0fe4c0b2393b60aac13b04a4fe2735cad52d/pillow-11.3.0-cp312-cp312-musllinux_1_2_x86_64.whl", hash = "sha256:6be31e3fc9a621e071bc17bb7de63b85cbe0bfae91bb0363c893cbe67247780d", size = 6723358 },
    { url = "https://files.pythonhosted.org/packages/26/7d/73699ad77895f69edff76b0f332acc3d497f22f5d75e5360f78cbcaff248/pillow-11.3.0-cp312-cp312-win32.whl", hash = "sha256:7b161756381f0918e05e7cb8a371fff367e807770f8fe92ecb20d905d0e1c149", size = 6275079 },
    { url = "https://files.pythonhosted.org/packages/8c/ce/e7dfc873bdd9828f3b6e5c2bbb74e47a98ec23cc5c74fc4e54462f0d9204/pillow-11.3.0-cp312-cp312-win_amd64.whl", hash = "sha256:a6444696fce635783440b7f7a9fc24b3ad10a9ea3f0ab66c5905be1c19ccf17d", size = 6986324 },
    { url = "https://files.pythonhosted.org/packages/16/8f/b13447d1bf0b1f7467ce7d86f6e6edf66c0ad7cf44cf5c87a37f9bed9936/pillow-11.3.0-cp312-cp312-win_arm64.whl", hash = "sha256:2aceea54f957dd4448264f9bf40875da0415c83eb85f55069d89c0ed436e3542", size = 2423067 },
    { url = "https://files.pythonhosted.org/packages/1e/93/0952f2ed8db3a5a4c7a11f91965d6184ebc8cd7cbb7941a260d5f018cd2d/pillow-11.3.0-cp313-cp313-ios_13_0_arm64_iphoneos.whl", hash = "sha256:1c627742b539bba4309df89171356fcb3cc5a9178355b2727d1b74a6cf155fbd", size = 2128328 },
    { url = "https://files.pythonhosted.org/packages/4b/e8/100c3d114b1a0bf4042f27e0f87d2f25e857e838034e98ca98fe7b8c0a9c/pillow-11.3.0-cp313-cp313-ios_13_0_arm64_iphonesimulator.whl", hash = "sha256:30b7c02f3899d10f13d7a48163c8969e4e653f8b43416d23d13d1bbfdc93b9f8", size = 2170652 },
    { url = "https://files.pythonhosted.org/packages/aa/86/3f758a28a6e381758545f7cdb4942e1cb79abd271bea932998fc0db93cb6/pillow-11.3.0-cp313-cp313-ios_13_0_x86_64_iphonesimulator.whl", hash = "sha256:7859a4cc7c9295f5838015d8cc0a9c215b77e43d07a25e460f35cf516df8626f", size = 2227443 },
    { url = "https://files.pythonhosted.org/packages/01/f4/91d5b3ffa718df2f53b0dc109877993e511f4fd055d7e9508682e8aba092/pillow-11.3.0-cp313-cp313-macosx_10_13_x86_64.whl", hash = "sha256:ec1ee50470b0d050984394423d96325b744d55c701a439d2bd66089bff963d3c", size = 5278474 },
    { url = "https://files.pythonhosted.org/packages/f9/0e/37d7d3eca6c879fbd9dba21268427dffda1ab00d4eb05b32923d4fbe3b12/pillow-11.3.0-cp313-cp313-macosx_11_0_arm64.whl", hash = "sha256:7db51d222548ccfd274e4572fdbf3e810a5e66b00608862f947b163e613b67dd", size = 4686038 },
    { url = "https://files.pythonhosted.org/packages/ff/b0/3426e5c7f6565e752d81221af9d3676fdbb4f352317ceafd42899aaf5d8a/pillow-11.3.0-cp313-cp313-manylinux2014_aarch64.manylinux_2_17_aarch64.whl", hash = "sha256:2d6fcc902a24ac74495df63faad1884282239265c6839a0a6416d33faedfae7e", size = 5864407 },
    { url = "https://files.pythonhosted.org/packages/fc/c1/c6c423134229f2a221ee53f838d4be9d82bab86f7e2f8e75e47b6bf6cd77/pillow-11.3.0-cp313-cp313-manylinux2014_x86_64.manylinux_2_17_x86_64.whl", hash = "sha256:f0f5d8f4a08090c6d6d578351a2b91acf519a54986c055af27e7a93feae6d3f1", size = 7639094 },
    { url = "https://files.pythonhosted.org/packages/ba/c9/09e6746630fe6372c67c648ff9deae52a2bc20897d51fa293571977ceb5d/pillow-11.3.0-cp313-cp313-manylinux_2_27_aarch64.manylinux_2_28_aarch64.whl", hash = "sha256:c37d8ba9411d6003bba9e518db0db0c58a680ab9fe5179f040b0463644bc9805", size = 5973503 },
    { url = "https://files.pythonhosted.org/packages/d5/1c/a2a29649c0b1983d3ef57ee87a66487fdeb45132df66ab30dd37f7dbe162/pillow-11.3.0-cp313-cp313-manylinux_2_27_x86_64.manylinux_2_28_x86_64.whl", hash = "sha256:13f87d581e71d9189ab21fe0efb5a23e9f28552d5be6979e84001d3b8505abe8", size = 6642574 },
    { url = "https://files.pythonhosted.org/packages/36/de/d5cc31cc4b055b6c6fd990e3e7f0f8aaf36229a2698501bcb0cdf67c7146/pillow-11.3.0-cp313-cp313-musllinux_1_2_aarch64.whl", hash = "sha256:023f6d2d11784a465f09fd09a34b150ea4672e85fb3d05931d89f373ab14abb2", size = 6084060 },
    { url = "https://files.pythonhosted.org/packages/d5/ea/502d938cbaeec836ac28a9b730193716f0114c41325db428e6b280513f09/pillow-11.3.0-cp313-cp313-musllinux_1_2_x86_64.whl", hash = "sha256:45dfc51ac5975b938e9809451c51734124e73b04d0f0ac621649821a63852e7b", size = 6721407 },
    { url = "https://files.pythonhosted.org/packages/45/9c/9c5e2a73f125f6cbc59cc7087c8f2d649a7ae453f83bd0362ff7c9e2aee2/pillow-11.3.0-cp313-cp313-win32.whl", hash = "sha256:a4d336baed65d50d37b88ca5b60c0fa9d81e3a87d4a7930d3880d1624d5b31f3", size = 6273841 },
    { url = "https://files.pythonhosted.org/packages/23/85/397c73524e0cd212067e0c969aa245b01d50183439550d24d9f55781b776/pillow-11.3.0-cp313-cp313-win_amd64.whl", hash = "sha256:0bce5c4fd0921f99d2e858dc4d4d64193407e1b99478bc5cacecba2311abde51", size = 6978450 },
    { url = "https://files.pythonhosted.org/packages/17/d2/622f4547f69cd173955194b78e4d19ca4935a1b0f03a302d655c9f6aae65/pillow-11.3.0-cp313-cp313-win_arm64.whl", hash = "sha256:1904e1264881f682f02b7f8167935cce37bc97db457f8e7849dc3a6a52b99580", size = 2423055 },
    { url = "https://files.pythonhosted.org/packages/dd/80/a8a2ac21dda2e82480852978416cfacd439a4b490a501a288ecf4fe2532d/pillow-11.3.0-cp313-cp313t-macosx_10_13_x86_64.whl", hash = "sha256:4c834a3921375c48ee6b9624061076bc0a32a60b5532b322cc0ea64e639dd50e", size = 5281110 },
    { url = "https://files.pythonhosted.org/packages/44/d6/b79754ca790f315918732e18f82a8146d33bcd7f4494380457ea89eb883d/pillow-11.3.0-cp313-cp313t-macosx_11_0_arm64.whl", hash = "sha256:5e05688ccef30ea69b9317a9ead994b93975104a677a36a8ed8106be9260aa6d", size = 4689547 },
    { url = "https://files.pythonhosted.org/packages/49/20/716b8717d331150cb00f7fdd78169c01e8e0c219732a78b0e59b6bdb2fd6/pillow-11.3.0-cp313-cp313t-manylinux2014_aarch64.manylinux_2_17_aarch64.whl", hash = "sha256:1019b04af07fc0163e2810167918cb5add8d74674b6267616021ab558dc98ced", size = 5901554 },
    { url = "https://files.pythonhosted.org/packages/74/cf/a9f3a2514a65bb071075063a96f0a5cf949c2f2fce683c15ccc83b1c1cab/pillow-11.3.0-cp313-cp313t-manylinux2014_x86_64.manylinux_2_17_x86_64.whl", hash = "sha256:f944255db153ebb2b19c51fe85dd99ef0ce494123f21b9db4877ffdfc5590c7c", size = 7669132 },
    { url = "https://files.pythonhosted.org/packages/98/3c/da78805cbdbee9cb43efe8261dd7cc0b4b93f2ac79b676c03159e9db2187/pillow-11.3.0-cp313-cp313t-manylinux_2_27_aarch64.manylinux_2_28_aarch64.whl", hash = "sha256:1f85acb69adf2aaee8b7da124efebbdb959a104db34d3a2cb0f3793dbae422a8", size = 6005001 },
    { url = "https://files.pythonhosted.org/packages/6c/fa/ce044b91faecf30e635321351bba32bab5a7e034c60187fe9698191aef4f/pillow-11.3.0-cp313-cp313t-manylinux_2_27_x86_64.manylinux_2_28_x86_64.whl", hash = "sha256:05f6ecbeff5005399bb48d198f098a9b4b6bdf27b8487c7f38ca16eeb070cd59", size = 6668814 },
    { url = "https://files.pythonhosted.org/packages/7b/51/90f9291406d09bf93686434f9183aba27b831c10c87746ff49f127ee80cb/pillow-11.3.0-cp313-cp313t-musllinux_1_2_aarch64.whl", hash = "sha256:a7bc6e6fd0395bc052f16b1a8670859964dbd7003bd0af2ff08342eb6e442cfe", size = 6113124 },
    { url = "https://files.pythonhosted.org/packages/cd/5a/6fec59b1dfb619234f7636d4157d11fb4e196caeee220232a8d2ec48488d/pillow-11.3.0-cp313-cp313t-musllinux_1_2_x86_64.whl", hash = "sha256:83e1b0161c9d148125083a35c1c5a89db5b7054834fd4387499e06552035236c", size = 6747186 },
    { url = "https://files.pythonhosted.org/packages/49/6b/00187a044f98255225f172de653941e61da37104a9ea60e4f6887717e2b5/pillow-11.3.0-cp313-cp313t-win32.whl", hash = "sha256:2a3117c06b8fb646639dce83694f2f9eac405472713fcb1ae887469c0d4f6788", size = 6277546 },
    { url = "https://files.pythonhosted.org/packages/e8/5c/6caaba7e261c0d75bab23be79f1d06b5ad2a2ae49f028ccec801b0e853d6/pillow-11.3.0-cp313-cp313t-win_amd64.whl", hash = "sha256:857844335c95bea93fb39e0fa2726b4d9d758850b34075a7e3ff4f4fa3aa3b31", size = 6985102 },
    { url = "https://files.pythonhosted.org/packages/f3/7e/b623008460c09a0cb38263c93b828c666493caee2eb34ff67f778b87e58c/pillow-11.3.0-cp313-cp313t-win_arm64.whl", hash = "sha256:8797edc41f3e8536ae4b10897ee2f637235c94f27404cac7297f7b607dd0716e", size = 2424803 },
    { url = "https://files.pythonhosted.org/packages/73/f4/04905af42837292ed86cb1b1dabe03dce1edc008ef14c473c5c7e1443c5d/pillow-11.3.0-cp314-cp314-macosx_10_13_x86_64.whl", hash = "sha256:d9da3df5f9ea2a89b81bb6087177fb1f4d1c7146d583a3fe5c672c0d94e55e12", size = 5278520 },
    { url = "https://files.pythonhosted.org/packages/41/b0/33d79e377a336247df6348a54e6d2a2b85d644ca202555e3faa0cf811ecc/pillow-11.3.0-cp314-cp314-macosx_11_0_arm64.whl", hash = "sha256:0b275ff9b04df7b640c59ec5a3cb113eefd3795a8df80bac69646ef699c6981a", size = 4686116 },
    { url = "https://files.pythonhosted.org/packages/49/2d/ed8bc0ab219ae8768f529597d9509d184fe8a6c4741a6864fea334d25f3f/pillow-11.3.0-cp314-cp314-manylinux2014_aarch64.manylinux_2_17_aarch64.whl", hash = "sha256:0743841cabd3dba6a83f38a92672cccbd69af56e3e91777b0ee7f4dba4385632", size = 5864597 },
    { url = "https://files.pythonhosted.org/packages/b5/3d/b932bb4225c80b58dfadaca9d42d08d0b7064d2d1791b6a237f87f661834/pillow-11.3.0-cp314-cp314-manylinux2014_x86_64.manylinux_2_17_x86_64.whl", hash = "sha256:2465a69cf967b8b49ee1b96d76718cd98c4e925414ead59fdf75cf0fd07df673", size = 7638246 },
    { url = "https://files.pythonhosted.org/packages/09/b5/0487044b7c096f1b48f0d7ad416472c02e0e4bf6919541b111efd3cae690/pillow-11.3.0-cp314-cp314-manylinux_2_27_aarch64.manylinux_2_28_aarch64.whl", hash = "sha256:41742638139424703b4d01665b807c6468e23e699e8e90cffefe291c5832b027", size = 5973336 },
    { url = "https://files.pythonhosted.org/packages/a8/2d/524f9318f6cbfcc79fbc004801ea6b607ec3f843977652fdee4857a7568b/pillow-11.3.0-cp314-cp314-manylinux_2_27_x86_64.manylinux_2_28_x86_64.whl", hash = "sha256:93efb0b4de7e340d99057415c749175e24c8864302369e05914682ba642e5d77", size = 6642699 },
    { url = "https://files.pythonhosted.org/packages/6f/d2/a9a4f280c6aefedce1e8f615baaa5474e0701d86dd6f1dede66726462bbd/pillow-11.3.0-cp314-cp314-musllinux_1_2_aarch64.whl", hash = "sha256:7966e38dcd0fa11ca390aed7c6f20454443581d758242023cf36fcb319b1a874", size = 6083789 },
    { url = "https://files.pythonhosted.org/packages/fe/54/86b0cd9dbb683a9d5e960b66c7379e821a19be4ac5810e2e5a715c09a0c0/pillow-11.3.0-cp314-cp314-musllinux_1_2_x86_64.whl", hash = "sha256:98a9afa7b9007c67ed84c57c9e0ad86a6000da96eaa638e4f8abe5b65ff83f0a", size = 6720386 },
    { url = "https://files.pythonhosted.org/packages/e7/95/88efcaf384c3588e24259c4203b909cbe3e3c2d887af9e938c2022c9dd48/pillow-11.3.0-cp314-cp314-win32.whl", hash = "sha256:02a723e6bf909e7cea0dac1b0e0310be9d7650cd66222a5f1c571455c0a45214", size = 6370911 },
    { url = "https://files.pythonhosted.org/packages/2e/cc/934e5820850ec5eb107e7b1a72dd278140731c669f396110ebc326f2a503/pillow-11.3.0-cp314-cp314-win_amd64.whl", hash = "sha256:a418486160228f64dd9e9efcd132679b7a02a5f22c982c78b6fc7dab3fefb635", size = 7117383 },
    { url = "https://files.pythonhosted.org/packages/d6/e9/9c0a616a71da2a5d163aa37405e8aced9a906d574b4a214bede134e731bc/pillow-11.3.0-cp314-cp314-win_arm64.whl", hash = "sha256:155658efb5e044669c08896c0c44231c5e9abcaadbc5cd3648df2f7c0b96b9a6", size = 2511385 },
    { url = "https://files.pythonhosted.org/packages/1a/33/c88376898aff369658b225262cd4f2659b13e8178e7534df9e6e1fa289f6/pillow-11.3.0-cp314-cp314t-macosx_10_13_x86_64.whl", hash = "sha256:59a03cdf019efbfeeed910bf79c7c93255c3d54bc45898ac2a4140071b02b4ae", size = 5281129 },
    { url = "https://files.pythonhosted.org/packages/1f/70/d376247fb36f1844b42910911c83a02d5544ebd2a8bad9efcc0f707ea774/pillow-11.3.0-cp314-cp314t-macosx_11_0_arm64.whl", hash = "sha256:f8a5827f84d973d8636e9dc5764af4f0cf2318d26744b3d902931701b0d46653", size = 4689580 },
    { url = "https://files.pythonhosted.org/packages/eb/1c/537e930496149fbac69efd2fc4329035bbe2e5475b4165439e3be9cb183b/pillow-11.3.0-cp314-cp314t-manylinux2014_aarch64.manylinux_2_17_aarch64.whl", hash = "sha256:ee92f2fd10f4adc4b43d07ec5e779932b4eb3dbfbc34790ada5a6669bc095aa6", size = 5902860 },
    { url = "https://files.pythonhosted.org/packages/bd/57/80f53264954dcefeebcf9dae6e3eb1daea1b488f0be8b8fef12f79a3eb10/pillow-11.3.0-cp314-cp314t-manylinux2014_x86_64.manylinux_2_17_x86_64.whl", hash = "sha256:c96d333dcf42d01f47b37e0979b6bd73ec91eae18614864622d9b87bbd5bbf36", size = 7670694 },
    { url = "https://files.pythonhosted.org/packages/70/ff/4727d3b71a8578b4587d9c276e90efad2d6fe0335fd76742a6da08132e8c/pillow-11.3.0-cp314-cp314t-manylinux_2_27_aarch64.manylinux_2_28_aarch64.whl", hash = "sha256:4c96f993ab8c98460cd0c001447bff6194403e8b1d7e149ade5f00594918128b", size = 6005888 },
    { url = "https://files.pythonhosted.org/packages/05/ae/716592277934f85d3be51d7256f3636672d7b1abfafdc42cf3f8cbd4b4c8/pillow-11.3.0-cp314-cp314t-manylinux_2_27_x86_64.manylinux_2_28_x86_64.whl", hash = "sha256:41342b64afeba938edb034d122b2dda5db2139b9a4af999729ba8818e0056477", size = 6670330 },
    { url = "https://files.pythonhosted.org/packages/e7/bb/7fe6cddcc8827b01b1a9766f5fdeb7418680744f9082035bdbabecf1d57f/pillow-11.3.0-cp314-cp314t-musllinux_1_2_aarch64.whl", hash = "sha256:068d9c39a2d1b358eb9f245ce7ab1b5c3246c7c8c7d9ba58cfa5b43146c06e50", size = 6114089 },
    { url = "https://files.pythonhosted.org/packages/8b/f5/06bfaa444c8e80f1a8e4bff98da9c83b37b5be3b1deaa43d27a0db37ef84/pillow-11.3.0-cp314-cp314t-musllinux_1_2_x86_64.whl", hash = "sha256:a1bc6ba083b145187f648b667e05a2534ecc4b9f2784c2cbe3089e44868f2b9b", size = 6748206 },
    { url = "https://files.pythonhosted.org/packages/f0/77/bc6f92a3e8e6e46c0ca78abfffec0037845800ea38c73483760362804c41/pillow-11.3.0-cp314-cp314t-win32.whl", hash = "sha256:118ca10c0d60b06d006be10a501fd6bbdfef559251ed31b794668ed569c87e12", size = 6377370 },
    { url = "https://files.pythonhosted.org/packages/4a/82/3a721f7d69dca802befb8af08b7c79ebcab461007ce1c18bd91a5d5896f9/pillow-11.3.0-cp314-cp314t-win_amd64.whl", hash = "sha256:8924748b688aa210d79883357d102cd64690e56b923a186f35a82cbc10f997db", size = 7121500 },
    { url = "https://files.pythonhosted.org/packages/89/c7/5572fa4a3f45740eaab6ae86fcdf7195b55beac1371ac8c619d880cfe948/pillow-11.3.0-cp314-cp314t-win_arm64.whl", hash = "sha256:79ea0d14d3ebad43ec77ad5272e6ff9bba5b679ef73375ea760261207fa8e0aa", size = 2512835 },
    { url = "https://files.pythonhosted.org/packages/6f/8b/209bd6b62ce8367f47e68a218bffac88888fdf2c9fcf1ecadc6c3ec1ebc7/pillow-11.3.0-pp310-pypy310_pp73-macosx_10_15_x86_64.whl", hash = "sha256:3cee80663f29e3843b68199b9d6f4f54bd1d4a6b59bdd91bceefc51238bcb967", size = 5270556 },
    { url = "https://files.pythonhosted.org/packages/2e/e6/231a0b76070c2cfd9e260a7a5b504fb72da0a95279410fa7afd99d9751d6/pillow-11.3.0-pp310-pypy310_pp73-macosx_11_0_arm64.whl", hash = "sha256:b5f56c3f344f2ccaf0dd875d3e180f631dc60a51b314295a3e681fe8cf851fbe", size = 4654625 },
    { url = "https://files.pythonhosted.org/packages/13/f4/10cf94fda33cb12765f2397fc285fa6d8eb9c29de7f3185165b702fc7386/pillow-11.3.0-pp310-pypy310_pp73-manylinux2014_aarch64.manylinux_2_17_aarch64.whl", hash = "sha256:e67d793d180c9df62f1f40aee3accca4829d3794c95098887edc18af4b8b780c", size = 4874207 },
    { url = "https://files.pythonhosted.org/packages/72/c9/583821097dc691880c92892e8e2d41fe0a5a3d6021f4963371d2f6d57250/pillow-11.3.0-pp310-pypy310_pp73-manylinux2014_x86_64.manylinux_2_17_x86_64.whl", hash = "sha256:d000f46e2917c705e9fb93a3606ee4a819d1e3aa7a9b442f6444f07e77cf5e25", size = 6583939 },
    { url = "https://files.pythonhosted.org/packages/3b/8e/5c9d410f9217b12320efc7c413e72693f48468979a013ad17fd690397b9a/pillow-11.3.0-pp310-pypy310_pp73-manylinux_2_27_aarch64.manylinux_2_28_aarch64.whl", hash = "sha256:527b37216b6ac3a12d7838dc3bd75208ec57c1c6d11ef01902266a5a0c14fc27", size = 4957166 },
    { url = "https://files.pythonhosted.org/packages/62/bb/78347dbe13219991877ffb3a91bf09da8317fbfcd4b5f9140aeae020ad71/pillow-11.3.0-pp310-pypy310_pp73-manylinux_2_27_x86_64.manylinux_2_28_x86_64.whl", hash = "sha256:be5463ac478b623b9dd3937afd7fb7ab3d79dd290a28e2b6df292dc75063eb8a", size = 5581482 },
    { url = "https://files.pythonhosted.org/packages/d9/28/1000353d5e61498aaeaaf7f1e4b49ddb05f2c6575f9d4f9f914a3538b6e1/pillow-11.3.0-pp310-pypy310_pp73-win_amd64.whl", hash = "sha256:8dc70ca24c110503e16918a658b869019126ecfe03109b754c402daff12b3d9f", size = 6984596 },
    { url = "https://files.pythonhosted.org/packages/9e/e3/6fa84033758276fb31da12e5fb66ad747ae83b93c67af17f8c6ff4cc8f34/pillow-11.3.0-pp311-pypy311_pp73-macosx_10_15_x86_64.whl", hash = "sha256:7c8ec7a017ad1bd562f93dbd8505763e688d388cde6e4a010ae1486916e713e6", size = 5270566 },
    { url = "https://files.pythonhosted.org/packages/5b/ee/e8d2e1ab4892970b561e1ba96cbd59c0d28cf66737fc44abb2aec3795a4e/pillow-11.3.0-pp311-pypy311_pp73-macosx_11_0_arm64.whl", hash = "sha256:9ab6ae226de48019caa8074894544af5b53a117ccb9d3b3dcb2871464c829438", size = 4654618 },
    { url = "https://files.pythonhosted.org/packages/f2/6d/17f80f4e1f0761f02160fc433abd4109fa1548dcfdca46cfdadaf9efa565/pillow-11.3.0-pp311-pypy311_pp73-manylinux2014_aarch64.manylinux_2_17_aarch64.whl", hash = "sha256:fe27fb049cdcca11f11a7bfda64043c37b30e6b91f10cb5bab275806c32f6ab3", size = 4874248 },
    { url = "https://files.pythonhosted.org/packages/de/5f/c22340acd61cef960130585bbe2120e2fd8434c214802f07e8c03596b17e/pillow-11.3.0-pp311-pypy311_pp73-manylinux2014_x86_64.manylinux_2_17_x86_64.whl", hash = "sha256:465b9e8844e3c3519a983d58b80be3f668e2a7a5db97f2784e7079fbc9f9822c", size = 6583963 },
    { url = "https://files.pythonhosted.org/packages/31/5e/03966aedfbfcbb4d5f8aa042452d3361f325b963ebbadddac05b122e47dd/pillow-11.3.0-pp311-pypy311_pp73-manylinux_2_27_aarch64.manylinux_2_28_aarch64.whl", hash = "sha256:5418b53c0d59b3824d05e029669efa023bbef0f3e92e75ec8428f3799487f361", size = 4957170 },
    { url = "https://files.pythonhosted.org/packages/cc/2d/e082982aacc927fc2cab48e1e731bdb1643a1406acace8bed0900a61464e/pillow-11.3.0-pp311-pypy311_pp73-manylinux_2_27_x86_64.manylinux_2_28_x86_64.whl", hash = "sha256:504b6f59505f08ae014f724b6207ff6222662aab5cc9542577fb084ed0676ac7", size = 5581505 },
    { url = "https://files.pythonhosted.org/packages/34/e7/ae39f538fd6844e982063c3a5e4598b8ced43b9633baa3a85ef33af8c05c/pillow-11.3.0-pp311-pypy311_pp73-win_amd64.whl", hash = "sha256:c84d689db21a1c397d001aa08241044aa2069e7587b398c8cc63020390b1c1b8", size = 6984598 },
]

[[package]]
name = "pyobjc-core"
version = "11.1"
source = { registry = "https://pypi.org/simple" }
sdist = { url = "https://files.pythonhosted.org/packages/e8/e9/0b85c81e2b441267bca707b5d89f56c2f02578ef8f3eafddf0e0c0b8848c/pyobjc_core-11.1.tar.gz", hash = "sha256:b63d4d90c5df7e762f34739b39cc55bc63dbcf9fb2fb3f2671e528488c7a87fe", size = 974602 }
wheels = [
    { url = "https://files.pythonhosted.org/packages/a5/c5/9fa74ef6b83924e657c5098d37b36b66d1e16d13bc45c44248c6248e7117/pyobjc_core-11.1-cp310-cp310-macosx_10_9_universal2.whl", hash = "sha256:4c7536f3e94de0a3eae6bb382d75f1219280aa867cdf37beef39d9e7d580173c", size = 676323 },
    { url = "https://files.pythonhosted.org/packages/5a/a7/55afc166d89e3fcd87966f48f8bca3305a3a2d7c62100715b9ffa7153a90/pyobjc_core-11.1-cp311-cp311-macosx_10_9_universal2.whl", hash = "sha256:ec36680b5c14e2f73d432b03ba7c1457dc6ca70fa59fd7daea1073f2b4157d33", size = 671075 },
    { url = "https://files.pythonhosted.org/packages/c0/09/e83228e878e73bf756749939f906a872da54488f18d75658afa7f1abbab1/pyobjc_core-11.1-cp312-cp312-macosx_10_13_universal2.whl", hash = "sha256:765b97dea6b87ec4612b3212258024d8496ea23517c95a1c5f0735f96b7fd529", size = 677985 },
    { url = "https://files.pythonhosted.org/packages/c5/24/12e4e2dae5f85fd0c0b696404ed3374ea6ca398e7db886d4f1322eb30799/pyobjc_core-11.1-cp313-cp313-macosx_10_13_universal2.whl", hash = "sha256:18986f83998fbd5d3f56d8a8428b2f3e0754fd15cef3ef786ca0d29619024f2c", size = 676431 },
    { url = "https://files.pythonhosted.org/packages/f7/79/031492497624de4c728f1857181b06ce8c56444db4d49418fa459cba217c/pyobjc_core-11.1-cp313-cp313t-macosx_10_13_universal2.whl", hash = "sha256:8849e78cfe6595c4911fbba29683decfb0bf57a350aed8a43316976ba6f659d2", size = 719330 },
    { url = "https://files.pythonhosted.org/packages/ed/7d/6169f16a0c7ec15b9381f8bf33872baf912de2ef68d96c798ca4c6ee641f/pyobjc_core-11.1-cp314-cp314-macosx_11_0_universal2.whl", hash = "sha256:8cb9ed17a8d84a312a6e8b665dd22393d48336ea1d8277e7ad20c19a38edf731", size = 667203 },
    { url = "https://files.pythonhosted.org/packages/49/0f/f5ab2b0e57430a3bec9a62b6153c0e79c05a30d77b564efdb9f9446eeac5/pyobjc_core-11.1-cp314-cp314t-macosx_11_0_universal2.whl", hash = "sha256:f2455683e807f8541f0d83fbba0f5d9a46128ab0d5cc83ea208f0bec759b7f96", size = 708807 },
]

[[package]]
name = "pyobjc-framework-cocoa"
version = "11.1"
source = { registry = "https://pypi.org/simple" }
dependencies = [
    { name = "pyobjc-core" },
]
sdist = { url = "https://files.pythonhosted.org/packages/4b/c5/7a866d24bc026f79239b74d05e2cf3088b03263da66d53d1b4cf5207f5ae/pyobjc_framework_cocoa-11.1.tar.gz", hash = "sha256:87df76b9b73e7ca699a828ff112564b59251bb9bbe72e610e670a4dc9940d038", size = 5565335 }
wheels = [
    { url = "https://files.pythonhosted.org/packages/87/8f/67a7e166b615feb96385d886c6732dfb90afed565b8b1f34673683d73cd9/pyobjc_framework_cocoa-11.1-cp310-cp310-macosx_10_9_universal2.whl", hash = "sha256:b27a5bdb3ab6cdeb998443ff3fce194ffae5f518c6a079b832dbafc4426937f9", size = 388187 },
    { url = "https://files.pythonhosted.org/packages/90/43/6841046aa4e257b6276cd23e53cacedfb842ecaf3386bb360fa9cc319aa1/pyobjc_framework_cocoa-11.1-cp311-cp311-macosx_10_9_universal2.whl", hash = "sha256:7b9a9b8ba07f5bf84866399e3de2aa311ed1c34d5d2788a995bdbe82cc36cfa0", size = 388177 },
    { url = "https://files.pythonhosted.org/packages/68/da/41c0f7edc92ead461cced7e67813e27fa17da3c5da428afdb4086c69d7ba/pyobjc_framework_cocoa-11.1-cp312-cp312-macosx_10_13_universal2.whl", hash = "sha256:806de56f06dfba8f301a244cce289d54877c36b4b19818e3b53150eb7c2424d0", size = 388983 },
    { url = "https://files.pythonhosted.org/packages/4e/0b/a01477cde2a040f97e226f3e15e5ffd1268fcb6d1d664885a95ba592eca9/pyobjc_framework_cocoa-11.1-cp313-cp313-macosx_10_13_universal2.whl", hash = "sha256:54e93e1d9b0fc41c032582a6f0834befe1d418d73893968f3f450281b11603da", size = 389049 },
    { url = "https://files.pythonhosted.org/packages/bc/e6/64cf2661f6ab7c124d0486ec6d1d01a9bb2838a0d2a46006457d8c5e6845/pyobjc_framework_cocoa-11.1-cp313-cp313t-macosx_10_13_universal2.whl", hash = "sha256:fd5245ee1997d93e78b72703be1289d75d88ff6490af94462b564892e9266350", size = 393110 },
    { url = "https://files.pythonhosted.org/packages/33/87/01e35c5a3c5bbdc93d5925366421e10835fcd7b23347b6c267df1b16d0b3/pyobjc_framework_cocoa-11.1-cp314-cp314-macosx_11_0_universal2.whl", hash = "sha256:aede53a1afc5433e1e7d66568cc52acceeb171b0a6005407a42e8e82580b4fc0", size = 392644 },
    { url = "https://files.pythonhosted.org/packages/c1/7c/54afe9ffee547c41e1161691e72067a37ed27466ac71c089bfdcd07ca70d/pyobjc_framework_cocoa-11.1-cp314-cp314t-macosx_11_0_universal2.whl", hash = "sha256:1b5de4e1757bb65689d6dc1f8d8717de9ec8587eb0c4831c134f13aba29f9b71", size = 396742 },
]

[[package]]
name = "pyperclip"
version = "1.9.0"
source = { registry = "https://pypi.org/simple" }
sdist = { url = "https://files.pythonhosted.org/packages/30/23/2f0a3efc4d6a32f3b63cdff36cd398d9701d26cda58e3ab97ac79fb5e60d/pyperclip-1.9.0.tar.gz", hash = "sha256:b7de0142ddc81bfc5c7507eea19da920b92252b548b96186caf94a5e2527d310", size = 20961 }

[[package]]
name = "screeninfo"
version = "0.8.1"
source = { registry = "https://pypi.org/simple" }
dependencies = [
    { name = "cython", marker = "sys_platform == 'darwin'" },
    { name = "pyobjc-framework-cocoa", marker = "sys_platform == 'darwin'" },
]
sdist = { url = "https://files.pythonhosted.org/packages/ec/bb/e69e5e628d43f118e0af4fc063c20058faa8635c95a1296764acc8167e27/screeninfo-0.8.1.tar.gz", hash = "sha256:9983076bcc7e34402a1a9e4d7dabf3729411fd2abb3f3b4be7eba73519cd2ed1", size = 10666 }
wheels = [
    { url = "https://files.pythonhosted.org/packages/6e/bf/c5205d480307bef660e56544b9e3d7ff687da776abb30c9cb3f330887570/screeninfo-0.8.1-py3-none-any.whl", hash = "sha256:e97d6b173856edcfa3bd282f81deb528188aff14b11ec3e195584e7641be733c", size = 12907 },
]

[[package]]
name = "typing-extensions"
version = "4.14.1"
source = { registry = "https://pypi.org/simple" }
sdist = { url = "https://files.pythonhosted.org/packages/98/5a/da40306b885cc8c09109dc2e1abd358d5684b1425678151cdaed4731c822/typing_extensions-4.14.1.tar.gz", hash = "sha256:38b39f4aeeab64884ce9f74c94263ef78f3c22467c8724005483154c26648d36", size = 107673 }
wheels = [
    { url = "https://files.pythonhosted.org/packages/b5/00/d631e67a838026495268c2f6884f3711a15a9a2a96cd244fdaea53b823fb/typing_extensions-4.14.1-py3-none-any.whl", hash = "sha256:d1e1e3b58374dc93031d6eda2420a48ea44a36c2b4766a4fdeb3710755731d76", size = 43906 },
]

[[package]]
name = "ursina"
version = "7.0.0"
source = { registry = "https://pypi.org/simple" }
dependencies = [
    { name = "panda3d" },
    { name = "panda3d-gltf" },
    { name = "pillow" },
    { name = "pyperclip" },
    { name = "screeninfo" },
]
sdist = { url = "https://files.pythonhosted.org/packages/ff/13/76ff76de0839c68e58a6a927438778b98c7ca7f38dce517e359a3721498e/ursina-7.0.0.tar.gz", hash = "sha256:838970dadcd4b40d77b4d5c80ab2c99fc869d2b455de75b733b0f1f74a8874d1", size = 3034282 }
wheels = [
    { url = "https://files.pythonhosted.org/packages/05/79/f2d8d88adc8cfc86da15ab6ac8f9f4670d5367b6bf94642ffe0ebec4d963/ursina-7.0.0-py3-none-any.whl", hash = "sha256:f80a8ee84c299b835075d37780fd4607bd20cf85f9dacc59376d9535b51bb7c3", size = 3137991 },
]
